
Microsoft Visual Studio Solution File, Format Version 12.00
# Visual Studio Version 17
VisualStudioVersion = 17.4.33213.308
MinimumVisualStudioVersion = 10.0.40219.1
Project("{8BC9CEB8-8B4A-11D0-8D11-00A0C91BC942}") = "class_hierarchy", "class_hierarchy\class_hierarchy.vcxproj", "{15C56D3D-744D-4176-BC3E-67D660024D5A}"
EndProject
Global
	GlobalSection(SolutionConfigurationPlatforms) = preSolution
		Debug|x64 = Debug|x64
		Debug|x86 = Debug|x86
		Release|x64 = Release|x64
		Release|x86 = Release|x86
	EndGlobalSection
	GlobalSection(ProjectConfigurationPlatforms) = postSolution
		{15C56D3D-744D-4176-BC3E-67D660024D5A}.Debug|x64.ActiveCfg = Debug|x64
		{15C56D3D-744D-4176-BC3E-67D660024D5A}.Debug|x64.Build.0 = Debug|x64
		{15C56D3D-744D-4176-BC3E-67D660024D5A}.Debug|x86.ActiveCfg = Debug|Win32
		{15C56D3D-744D-4176-BC3E-67D660024D5A}.Debug|x86.Build.0 = Debug|Win32
		{15C56D3D-744D-4176-BC3E-67D660024D5A}.Release|x64.ActiveCfg = Release|x64
		{15C56D3D-744D-4176-BC3E-67D660024D5A}.Release|x64.Build.0 = Release|x64
		{15C56D3D-744D-4176-BC3E-67D660024D5A}.Release|x86.ActiveCfg = Release|Win32
		{15C56D3D-744D-4176-BC3E-67D660024D5A}.Release|x86.Build.0 = Release|Win32
	EndGlobalSection
	GlobalSection(SolutionProperties) = preSolution
		HideSolutionNode = FALSE
	EndGlobalSection
	GlobalSection(ExtensibilityGlobals) = postSolution
		SolutionGuid = {526DE5E8-F06D-4EA9-9D16-3A5D4AA6DCD3}
	EndGlobalSection
EndGlobal
